<?xml version="1.0" encoding="utf-8"?>
<Project ToolsVersion="4.0" xmlns="http://schemas.microsoft.com/developer/msbuild/2003">
  <ItemGroup>
    <ClCompile Include="Game_UI.cppm">
      <Filter>Header Files\Game Utility</Filter>
    </ClCompile>
    <ClCompile Include="Player.cpp">
      <Filter>Source Files\Game Objects</Filter>
    </ClCompile>
    <ClCompile Include="Card.cpp">
      <Filter>Source Files\Game Objects</Filter>
    </ClCompile>
    <ClCompile Include="Mage.cpp">
      <Filter>Source Files\Game Objects</Filter>
    </ClCompile>
    <ClCompile Include="Game.cpp">
      <Filter>Source Files\Match &amp; Game</Filter>
    </ClCompile>
    <ClCompile Include="Main.cpp">
      <Filter>Source Files\Game Utility</Filter>
    </ClCompile>
    <ClCompile Include="Mages.cpp">
      <Filter>Source Files\Game Objects</Filter>
    </ClCompile>
    <ClCompile Include="Game_UI.cpp">
      <Filter>Source Files\Game Utility</Filter>
    </ClCompile>
    <ClCompile Include="Gamemode.cpp">
      <Filter>Source Files\Gamemode Management</Filter>
    </ClCompile>
    <ClCompile Include="AllGamemodes.cpp">
      <Filter>Source Files\Gamemode Management</Filter>
    </ClCompile>
    <ClCompile Include="GamemodeDistributor.cpp">
      <Filter>Source Files\Gamemode Management</Filter>
    </ClCompile>
    <ClCompile Include="AbstractMage.cpp">
      <Filter>Source Files\Mage Management</Filter>
    </ClCompile>
    <ClCompile Include="EarthMage.cpp" />
  </ItemGroup>
  <ItemGroup>
    <ClInclude Include="Game.h">
      <Filter>Header Files\Match &amp; Game</Filter>
    </ClInclude>
    <ClInclude Include="Gamemode.h">
      <Filter>Header Files\Gamemode Management</Filter>
    </ClInclude>
    <ClInclude Include="AllGamemodes.h">
      <Filter>Header Files\Gamemode Management</Filter>
    </ClInclude>
    <ClInclude Include="GamemodeDistributor.h">
      <Filter>Header Files\Gamemode Management</Filter>
    </ClInclude>
    <ClInclude Include="Card.h">
      <Filter>Header Files\Game Objects</Filter>
    </ClInclude>
    <ClInclude Include="Mage.h">
      <Filter>Header Files\Game Objects</Filter>
    </ClInclude>
    <ClInclude Include="Mages.h">
      <Filter>Header Files\Game Objects</Filter>
    </ClInclude>
    <ClInclude Include="Player.h">
      <Filter>Header Files\Game Objects</Filter>
    </ClInclude>
    <ClInclude Include="AbstractMage.h">
      <Filter>Header Files\Mage Management</Filter>
    </ClInclude>
    <ClInclude Include="EarthMage.h" />
  </ItemGroup>
  <ItemGroup>
    <Filter Include="Resource Files">
      <UniqueIdentifier>{1a6eec79-b4b8-4388-b75b-d29edc79a11b}</UniqueIdentifier>
    </Filter>
    <Filter Include="Header Files">
      <UniqueIdentifier>{86ff8547-e691-4a32-8fb6-45e9402c4508}</UniqueIdentifier>
    </Filter>
    <Filter Include="Source Files">
      <UniqueIdentifier>{95fe8913-e17f-4da4-96e6-82709eaf0f2a}</UniqueIdentifier>
    </Filter>
    <Filter Include="Header Files\Gamemode Management">
      <UniqueIdentifier>{9f9a808e-e1f2-4d50-839e-726eb1fde599}</UniqueIdentifier>
    </Filter>
    <Filter Include="Header Files\Game Objects">
      <UniqueIdentifier>{a99d3b40-6168-4a19-a8a9-ae8b6e5baf86}</UniqueIdentifier>
    </Filter>
    <Filter Include="Header Files\Game Utility">
      <UniqueIdentifier>{5d298b33-4489-40c3-ae93-d70cf1e16740}</UniqueIdentifier>
    </Filter>
    <Filter Include="Header Files\Match &amp; Game">
      <UniqueIdentifier>{d825f85c-6c50-45ca-af14-573da2d4c1f8}</UniqueIdentifier>
    </Filter>
    <Filter Include="Source Files\Gamemode Management">
      <UniqueIdentifier>{5aa5e9f7-6e04-402d-931f-2fa5151ce3ae}</UniqueIdentifier>
    </Filter>
    <Filter Include="Source Files\Game Objects">
      <UniqueIdentifier>{e0fb4a6a-cd05-4a6e-99ab-57afb4b1ebc0}</UniqueIdentifier>
    </Filter>
    <Filter Include="Source Files\Game Utility">
      <UniqueIdentifier>{294cd00d-b2bd-4907-9e8b-c265de572b81}</UniqueIdentifier>
    </Filter>
    <Filter Include="Source Files\Match &amp; Game">
      <UniqueIdentifier>{f7ac6b7e-9e5e-40f7-b2a3-953324e3a5b6}</UniqueIdentifier>
    </Filter>
    <Filter Include="Header Files\Mage Management">
      <UniqueIdentifier>{e31a43b6-0a34-4fef-bad0-3f6d339e03cf}</UniqueIdentifier>
    </Filter>
    <Filter Include="Source Files\Mage Management">
      <UniqueIdentifier>{5d1cbe18-d59d-417e-bc1b-e30b1f0152db}</UniqueIdentifier>
    </Filter>
  </ItemGroup>
</Project>