<?xml version="1.0" encoding="utf-8"?>
<Project ToolsVersion="4.0" xmlns="http://schemas.microsoft.com/developer/msbuild/2003">
  <ItemGroup>
    <ClCompile Include="Card.cpp" />
    <ClCompile Include="Game.cpp" />
    <ClCompile Include="Main.cpp" />
    <ClCompile Include="Player.cpp" />
    <ClCompile Include="Game_UI.cppm" />
    <ClCompile Include="Game_UI.cpp" />
    <ClCompile Include="GameMode.cpp">
      <Filter>SECRET</Filter>
    </ClCompile>
    <ClCompile Include="Mages.cpp" />
    <ClCompile Include="Mage.cpp" />
  </ItemGroup>
  <ItemGroup>
    <ClInclude Include="Card.h" />
    <ClInclude Include="Game.h" />
    <ClInclude Include="Player.h" />
    <ClInclude Include="Mage.h" />
    <ClInclude Include="Mages.h" />
    <ClInclude Include="GameMode.h">
      <Filter>SECRET</Filter>
    </ClInclude>
  </ItemGroup>
  <ItemGroup>
    <Filter Include="SECRET">
      <UniqueIdentifier>{8ce7f653-f699-4040-bd0f-0ff6d19c9803}</UniqueIdentifier>
    </Filter>
  </ItemGroup>
</Project>